# This file is autogenerated, do not edit; changes may be undone by the next 'dep ensure'.


[[projects]]
  name = "github.com/go-chi/chi"
  packages = [
    ".",
    "middleware"
  ]
  revision = "e83ac2304db3c50cf03d96a2fcd39009d458bc35"
  version = "v3.3.2"

[[projects]]
  name = "github.com/go-chi/docgen"
  packages = ["."]
  revision = "ac43d9a63f3b58b1e82922411d2de365d896ee72"
  version = "v1.0.2"

[solve-meta]
  analyzer-name = "dep"
  analyzer-version = 1
  inputs-digest = "deef9b76cdf1ccf798f77a5879a4c31cd62adcacd5ee9ccb0e4ec793bbd4cbd1"
  solver-name = "gps-cdcl"
  solver-version = 1
